// !$*UTF8*$!
{
	archiveVersion = 1;
	classes = {
	};
	objectVersion = 46;
	objects = {

/* Begin PBXBuildFile section */
		8002C18A1837AD240033D0BA /* Icons in Resources */ = {isa = PBXBuildFile; fileRef = 8002C1891837AD240033D0BA /* Icons */; };
		806ECAFD183655B90099CBD9 /* Foundation.framework in Frameworks */ = {isa = PBXBuildFile; fileRef = 806ECAFC183655B90099CBD9 /* Foundation.framework */; };
		806ECAFF183655B90099CBD9 /* CoreGraphics.framework in Frameworks */ = {isa = PBXBuildFile; fileRef = 806ECAFE183655B90099CBD9 /* CoreGraphics.framework */; };
		806ECB01183655B90099CBD9 /* UIKit.framework in Frameworks */ = {isa = PBXBuildFile; fileRef = 806ECB00183655B90099CBD9 /* UIKit.framework */; };
		806ECB07183655B90099CBD9 /* InfoPlist.strings in Resources */ = {isa = PBXBuildFile; fileRef = 806ECB05183655B90099CBD9 /* InfoPlist.strings */; };
		806ECB09183655B90099CBD9 /* main.m in Sources */ = {isa = PBXBuildFile; fileRef = 806ECB08183655B90099CBD9 /* main.m */; };
		806ECB0D183655B90099CBD9 /* AppDelegate.m in Sources */ = {isa = PBXBuildFile; fileRef = 806ECB0C183655B90099CBD9 /* AppDelegate.m */; };
		806ECB0F183655B90099CBD9 /* Images.xcassets in Resources */ = {isa = PBXBuildFile; fileRef = 806ECB0E183655B90099CBD9 /* Images.xcassets */; };
		806ECB16183655B90099CBD9 /* XCTest.framework in Frameworks */ = {isa = PBXBuildFile; fileRef = 806ECB15183655B90099CBD9 /* XCTest.framework */; };
		806ECB17183655B90099CBD9 /* Foundation.framework in Frameworks */ = {isa = PBXBuildFile; fileRef = 806ECAFC183655B90099CBD9 /* Foundation.framework */; };
		806ECB18183655B90099CBD9 /* UIKit.framework in Frameworks */ = {isa = PBXBuildFile; fileRef = 806ECB00183655B90099CBD9 /* UIKit.framework */; };
		806ECB20183655B90099CBD9 /* InfoPlist.strings in Resources */ = {isa = PBXBuildFile; fileRef = 806ECB1E183655B90099CBD9 /* InfoPlist.strings */; };
		806ECB22183655B90099CBD9 /* KindergardenHereIComeTests.m in Sources */ = {isa = PBXBuildFile; fileRef = 806ECB21183655B90099CBD9 /* KindergardenHereIComeTests.m */; };
		80CDF4B81836AAD700EDF82C /* RSG_Star-01.png in Resources */ = {isa = PBXBuildFile; fileRef = 80CDF4B61836AAD700EDF82C /* RSG_Star-01.png */; };
		80CDF4B91836AAD700EDF82C /* RSG_Star-04.png in Resources */ = {isa = PBXBuildFile; fileRef = 80CDF4B71836AAD700EDF82C /* RSG_Star-04.png */; };
		80CDF4BC1836B2FA00EDF82C /* jean-background.png in Resources */ = {isa = PBXBuildFile; fileRef = 80CDF4BA1836B2FA00EDF82C /* jean-background.png */; };
		80CDF4BD1836B2FA00EDF82C /* red-background.png in Resources */ = {isa = PBXBuildFile; fileRef = 80CDF4BB1836B2FA00EDF82C /* red-background.png */; };
		80CDF4C31836B9A100EDF82C /* RSG_worm-01.png in Resources */ = {isa = PBXBuildFile; fileRef = 80CDF4C21836B9A100EDF82C /* RSG_worm-01.png */; };
		80CDF4C61836C32400EDF82C /* HomeViewController.m in Sources */ = {isa = PBXBuildFile; fileRef = 80CDF4C51836C32400EDF82C /* HomeViewController.m */; };
		A6B820E0183674D2006078AF /* Storyboard.storyboard in Resources */ = {isa = PBXBuildFile; fileRef = A6B820DF183674D2006078AF /* Storyboard.storyboard */; };
		A6B820E418368B23006078AF /* KidInfoViewController.m in Sources */ = {isa = PBXBuildFile; fileRef = A6B820E318368B23006078AF /* KidInfoViewController.m */; };
		A6B8329B1836919F006078AF /* photo.png in Resources */ = {isa = PBXBuildFile; fileRef = A6B8329A1836919F006078AF /* photo.png */; };
		A6B8329E1836B2F7006078AF /* ActivityTagListViewController.m in Sources */ = {isa = PBXBuildFile; fileRef = A6B8329D1836B2F7006078AF /* ActivityTagListViewController.m */; };
		A6B832A11836B62D006078AF /* ActivityListManager.m in Sources */ = {isa = PBXBuildFile; fileRef = A6B832A01836B62D006078AF /* ActivityListManager.m */; };
		A6B832A41836D209006078AF /* ActivityTagCell.m in Sources */ = {isa = PBXBuildFile; fileRef = A6B832A31836D209006078AF /* ActivityTagCell.m */; };
		A813CAEE18369BE500AC8E19 /* ActivityInfoViewController.m in Sources */ = {isa = PBXBuildFile; fileRef = A813CAE718369BE500AC8E19 /* ActivityInfoViewController.m */; };
		A813CAEF18369BE500AC8E19 /* ActivityListViewController.m in Sources */ = {isa = PBXBuildFile; fileRef = A813CAE918369BE500AC8E19 /* ActivityListViewController.m */; };
		A813CAF018369BE500AC8E19 /* BookInfoViewController.m in Sources */ = {isa = PBXBuildFile; fileRef = A813CAEB18369BE500AC8E19 /* BookInfoViewController.m */; };
		A813CAF118369BE500AC8E19 /* BookListViewController.m in Sources */ = {isa = PBXBuildFile; fileRef = A813CAED18369BE500AC8E19 /* BookListViewController.m */; };
		A813CAF41836A46C00AC8E19 /* BookCell.m in Sources */ = {isa = PBXBuildFile; fileRef = A813CAF31836A46C00AC8E19 /* BookCell.m */; };
		A813CAF71836A47700AC8E19 /* ActivityCell.m in Sources */ = {isa = PBXBuildFile; fileRef = A813CAF61836A47700AC8E19 /* ActivityCell.m */; };
		A813CAFF1836A8FC00AC8E19 /* RSG_appicon120x.png in Resources */ = {isa = PBXBuildFile; fileRef = A813CAF91836A8FC00AC8E19 /* RSG_appicon120x.png */; };
		A813CB001836A8FC00AC8E19 /* RSG_GreenBkrd.png in Resources */ = {isa = PBXBuildFile; fileRef = A813CAFA1836A8FC00AC8E19 /* RSG_GreenBkrd.png */; };
		A813CB011836A8FC00AC8E19 /* RSG_GreyBkrd.png in Resources */ = {isa = PBXBuildFile; fileRef = A813CAFB1836A8FC00AC8E19 /* RSG_GreyBkrd.png */; };
		A813CB021836A8FC00AC8E19 /* RSG_Loadscreen.png in Resources */ = {isa = PBXBuildFile; fileRef = A813CAFC1836A8FC00AC8E19 /* RSG_Loadscreen.png */; };
		A813CB031836A8FC00AC8E19 /* RSG_OrangeBkrd.png in Resources */ = {isa = PBXBuildFile; fileRef = A813CAFD1836A8FC00AC8E19 /* RSG_OrangeBkrd.png */; };
		A813CB041836A8FC00AC8E19 /* RSG_Yellowscreen-05.png in Resources */ = {isa = PBXBuildFile; fileRef = A813CAFE1836A8FC00AC8E19 /* RSG_Yellowscreen-05.png */; };
		A813CB061836B3CA00AC8E19 /* greenCheck.png in Resources */ = {isa = PBXBuildFile; fileRef = A813CB051836B3CA00AC8E19 /* greenCheck.png */; };
		A813CB131836B53B00AC8E19 /* doug.jpg in Resources */ = {isa = PBXBuildFile; fileRef = A813CB081836B53B00AC8E19 /* doug.jpg */; };
		A813CB141836B53B00AC8E19 /* follow.jpg in Resources */ = {isa = PBXBuildFile; fileRef = A813CB091836B53B00AC8E19 /* follow.jpg */; };
		A813CB151836B53B00AC8E19 /* howmany.jpg in Resources */ = {isa = PBXBuildFile; fileRef = A813CB0A1836B53B00AC8E19 /* howmany.jpg */; };
		A813CB161836B53B00AC8E19 /* iaint.jpg in Resources */ = {isa = PBXBuildFile; fileRef = A813CB0B1836B53B00AC8E19 /* iaint.jpg */; };
		A813CB171836B53B00AC8E19 /* lmno.jpg in Resources */ = {isa = PBXBuildFile; fileRef = A813CB0C1836B53B00AC8E19 /* lmno.jpg */; };
		A813CB181836B53B00AC8E19 /* one.jpg in Resources */ = {isa = PBXBuildFile; fileRef = A813CB0D1836B53B00AC8E19 /* one.jpg */; };
		A813CB191836B53B00AC8E19 /* rosie.jpg in Resources */ = {isa = PBXBuildFile; fileRef = A813CB0E1836B53B00AC8E19 /* rosie.jpg */; };
		A813CB1A1836B53B00AC8E19 /* sleepy.jpg in Resources */ = {isa = PBXBuildFile; fileRef = A813CB0F1836B53B00AC8E19 /* sleepy.jpg */; };
		A813CB1B1836B53B00AC8E19 /* train.jpg in Resources */ = {isa = PBXBuildFile; fileRef = A813CB101836B53B00AC8E19 /* train.jpg */; };
		A813CB1C1836B53B00AC8E19 /* updown.jpg in Resources */ = {isa = PBXBuildFile; fileRef = A813CB111836B53B00AC8E19 /* updown.jpg */; };
		A813CB1D1836B53B00AC8E19 /* whoseshoes.jpg in Resources */ = {isa = PBXBuildFile; fileRef = A813CB121836B53B00AC8E19 /* whoseshoes.jpg */; };
		A88D60DB183787F300759B9F /* score.png in Resources */ = {isa = PBXBuildFile; fileRef = A88D60DA183787F200759B9F /* score.png */; };
		A88D60DF18378F3100759B9F /* search.png in Resources */ = {isa = PBXBuildFile; fileRef = A88D60DC18378F3100759B9F /* search.png */; };
		A88D60E018378F3100759B9F /* user3.png in Resources */ = {isa = PBXBuildFile; fileRef = A88D60DD18378F3100759B9F /* user3.png */; };
		A88D60E118378F3100759B9F /* home2.png in Resources */ = {isa = PBXBuildFile; fileRef = A88D60DE18378F3100759B9F /* home2.png */; };
		A88D60E418378F9700759B9F /* facebook-color.png in Resources */ = {isa = PBXBuildFile; fileRef = A88D60E218378F9700759B9F /* facebook-color.png */; };
		A88D60E518378F9700759B9F /* twitter-color.png in Resources */ = {isa = PBXBuildFile; fileRef = A88D60E318378F9700759B9F /* twitter-color.png */; };
		A88D60E718378FA700759B9F /* star.png in Resources */ = {isa = PBXBuildFile; fileRef = A88D60E618378FA700759B9F /* star.png */; };
		A891B61E1836705C0063F861 /* Book.m in Sources */ = {isa = PBXBuildFile; fileRef = A891B61D1836705C0063F861 /* Book.m */; };
		A891B6211836706A0063F861 /* Activity.m in Sources */ = {isa = PBXBuildFile; fileRef = A891B6201836706A0063F861 /* Activity.m */; };
		A891B6241836707F0063F861 /* Kid.m in Sources */ = {isa = PBXBuildFile; fileRef = A891B6231836707F0063F861 /* Kid.m */; };
		A891B627183670A00063F861 /* ApplicationState.m in Sources */ = {isa = PBXBuildFile; fileRef = A891B626183670A00063F861 /* ApplicationState.m */; };
/* End PBXBuildFile section */

/* Begin PBXContainerItemProxy section */
		806ECB19183655B90099CBD9 /* PBXContainerItemProxy */ = {
			isa = PBXContainerItemProxy;
			containerPortal = 806ECAF1183655B90099CBD9 /* Project object */;
			proxyType = 1;
			remoteGlobalIDString = 806ECAF8183655B90099CBD9;
			remoteInfo = KindergardenHereICome;
		};
/* End PBXContainerItemProxy section */

/* Begin PBXFileReference section */
		8002C1891837AD240033D0BA /* Icons */ = {isa = PBXFileReference; lastKnownFileType = folder; path = Icons; sourceTree = "<group>"; };
		806ECAF9183655B90099CBD9 /* KindergardenHereICome.app */ = {isa = PBXFileReference; explicitFileType = wrapper.application; includeInIndex = 0; path = KindergardenHereICome.app; sourceTree = BUILT_PRODUCTS_DIR; };
		806ECAFC183655B90099CBD9 /* Foundation.framework */ = {isa = PBXFileReference; lastKnownFileType = wrapper.framework; name = Foundation.framework; path = System/Library/Frameworks/Foundation.framework; sourceTree = SDKROOT; };
		806ECAFE183655B90099CBD9 /* CoreGraphics.framework */ = {isa = PBXFileReference; lastKnownFileType = wrapper.framework; name = CoreGraphics.framework; path = System/Library/Frameworks/CoreGraphics.framework; sourceTree = SDKROOT; };
		806ECB00183655B90099CBD9 /* UIKit.framework */ = {isa = PBXFileReference; lastKnownFileType = wrapper.framework; name = UIKit.framework; path = System/Library/Frameworks/UIKit.framework; sourceTree = SDKROOT; };
		806ECB04183655B90099CBD9 /* KindergardenHereICome-Info.plist */ = {isa = PBXFileReference; lastKnownFileType = text.plist.xml; path = "KindergardenHereICome-Info.plist"; sourceTree = "<group>"; };
		806ECB06183655B90099CBD9 /* en */ = {isa = PBXFileReference; lastKnownFileType = text.plist.strings; name = en; path = en.lproj/InfoPlist.strings; sourceTree = "<group>"; };
		806ECB08183655B90099CBD9 /* main.m */ = {isa = PBXFileReference; lastKnownFileType = sourcecode.c.objc; path = main.m; sourceTree = "<group>"; };
		806ECB0A183655B90099CBD9 /* KindergardenHereICome-Prefix.pch */ = {isa = PBXFileReference; lastKnownFileType = sourcecode.c.h; path = "KindergardenHereICome-Prefix.pch"; sourceTree = "<group>"; };
		806ECB0B183655B90099CBD9 /* AppDelegate.h */ = {isa = PBXFileReference; lastKnownFileType = sourcecode.c.h; path = AppDelegate.h; sourceTree = "<group>"; };
		806ECB0C183655B90099CBD9 /* AppDelegate.m */ = {isa = PBXFileReference; lastKnownFileType = sourcecode.c.objc; path = AppDelegate.m; sourceTree = "<group>"; };
		806ECB0E183655B90099CBD9 /* Images.xcassets */ = {isa = PBXFileReference; lastKnownFileType = folder.assetcatalog; path = Images.xcassets; sourceTree = "<group>"; };
		806ECB14183655B90099CBD9 /* KindergardenHereIComeTests.xctest */ = {isa = PBXFileReference; explicitFileType = wrapper.cfbundle; includeInIndex = 0; path = KindergardenHereIComeTests.xctest; sourceTree = BUILT_PRODUCTS_DIR; };
		806ECB15183655B90099CBD9 /* XCTest.framework */ = {isa = PBXFileReference; lastKnownFileType = wrapper.framework; name = XCTest.framework; path = Library/Frameworks/XCTest.framework; sourceTree = DEVELOPER_DIR; };
		806ECB1D183655B90099CBD9 /* KindergardenHereIComeTests-Info.plist */ = {isa = PBXFileReference; lastKnownFileType = text.plist.xml; path = "KindergardenHereIComeTests-Info.plist"; sourceTree = "<group>"; };
		806ECB1F183655B90099CBD9 /* en */ = {isa = PBXFileReference; lastKnownFileType = text.plist.strings; name = en; path = en.lproj/InfoPlist.strings; sourceTree = "<group>"; };
		806ECB21183655B90099CBD9 /* KindergardenHereIComeTests.m */ = {isa = PBXFileReference; lastKnownFileType = sourcecode.c.objc; path = KindergardenHereIComeTests.m; sourceTree = "<group>"; };
		80CDF4B61836AAD700EDF82C /* RSG_Star-01.png */ = {isa = PBXFileReference; lastKnownFileType = image.png; path = "RSG_Star-01.png"; sourceTree = "<group>"; };
		80CDF4B71836AAD700EDF82C /* RSG_Star-04.png */ = {isa = PBXFileReference; lastKnownFileType = image.png; path = "RSG_Star-04.png"; sourceTree = "<group>"; };
		80CDF4BA1836B2FA00EDF82C /* jean-background.png */ = {isa = PBXFileReference; lastKnownFileType = image.png; path = "jean-background.png"; sourceTree = "<group>"; };
		80CDF4BB1836B2FA00EDF82C /* red-background.png */ = {isa = PBXFileReference; lastKnownFileType = image.png; path = "red-background.png"; sourceTree = "<group>"; };
		80CDF4C21836B9A100EDF82C /* RSG_worm-01.png */ = {isa = PBXFileReference; lastKnownFileType = image.png; path = "RSG_worm-01.png"; sourceTree = "<group>"; };
		80CDF4C41836C32400EDF82C /* HomeViewController.h */ = {isa = PBXFileReference; fileEncoding = 4; lastKnownFileType = sourcecode.c.h; name = HomeViewController.h; path = KindergardenHereICome/ViewControllers/HomeViewController.h; sourceTree = "<group>"; };
		80CDF4C51836C32400EDF82C /* HomeViewController.m */ = {isa = PBXFileReference; fileEncoding = 4; lastKnownFileType = sourcecode.c.objc; name = HomeViewController.m; path = KindergardenHereICome/ViewControllers/HomeViewController.m; sourceTree = "<group>"; };
		A6B820DF183674D2006078AF /* Storyboard.storyboard */ = {isa = PBXFileReference; fileEncoding = 4; lastKnownFileType = file.storyboard; name = Storyboard.storyboard; path = KindergardenHereICome/Storyboard.storyboard; sourceTree = "<group>"; };
		A6B820E218368B23006078AF /* KidInfoViewController.h */ = {isa = PBXFileReference; fileEncoding = 4; lastKnownFileType = sourcecode.c.h; name = KidInfoViewController.h; path = ViewControllers/KidInfoViewController.h; sourceTree = "<group>"; };
		A6B820E318368B23006078AF /* KidInfoViewController.m */ = {isa = PBXFileReference; fileEncoding = 4; lastKnownFileType = sourcecode.c.objc; name = KidInfoViewController.m; path = ViewControllers/KidInfoViewController.m; sourceTree = "<group>"; };
		A6B8329A1836919F006078AF /* photo.png */ = {isa = PBXFileReference; lastKnownFileType = image.png; name = photo.png; path = KindergardenHereICome/photo.png; sourceTree = "<group>"; };
		A6B8329C1836B2F7006078AF /* ActivityTagListViewController.h */ = {isa = PBXFileReference; fileEncoding = 4; lastKnownFileType = sourcecode.c.h; path = ActivityTagListViewController.h; sourceTree = "<group>"; };
		A6B8329D1836B2F7006078AF /* ActivityTagListViewController.m */ = {isa = PBXFileReference; fileEncoding = 4; lastKnownFileType = sourcecode.c.objc; path = ActivityTagListViewController.m; sourceTree = "<group>"; };
		A6B8329F1836B62D006078AF /* ActivityListManager.h */ = {isa = PBXFileReference; fileEncoding = 4; lastKnownFileType = sourcecode.c.h; path = ActivityListManager.h; sourceTree = "<group>"; };
		A6B832A01836B62D006078AF /* ActivityListManager.m */ = {isa = PBXFileReference; fileEncoding = 4; lastKnownFileType = sourcecode.c.objc; path = ActivityListManager.m; sourceTree = "<group>"; };
		A6B832A21836D209006078AF /* ActivityTagCell.h */ = {isa = PBXFileReference; fileEncoding = 4; lastKnownFileType = sourcecode.c.h; path = ActivityTagCell.h; sourceTree = "<group>"; };
		A6B832A31836D209006078AF /* ActivityTagCell.m */ = {isa = PBXFileReference; fileEncoding = 4; lastKnownFileType = sourcecode.c.objc; path = ActivityTagCell.m; sourceTree = "<group>"; };
		A813CAE618369BE500AC8E19 /* ActivityInfoViewController.h */ = {isa = PBXFileReference; fileEncoding = 4; lastKnownFileType = sourcecode.c.h; path = ActivityInfoViewController.h; sourceTree = "<group>"; };
		A813CAE718369BE500AC8E19 /* ActivityInfoViewController.m */ = {isa = PBXFileReference; fileEncoding = 4; lastKnownFileType = sourcecode.c.objc; path = ActivityInfoViewController.m; sourceTree = "<group>"; };
		A813CAE818369BE500AC8E19 /* ActivityListViewController.h */ = {isa = PBXFileReference; fileEncoding = 4; lastKnownFileType = sourcecode.c.h; path = ActivityListViewController.h; sourceTree = "<group>"; };
		A813CAE918369BE500AC8E19 /* ActivityListViewController.m */ = {isa = PBXFileReference; fileEncoding = 4; lastKnownFileType = sourcecode.c.objc; path = ActivityListViewController.m; sourceTree = "<group>"; };
		A813CAEA18369BE500AC8E19 /* BookInfoViewController.h */ = {isa = PBXFileReference; fileEncoding = 4; lastKnownFileType = sourcecode.c.h; path = BookInfoViewController.h; sourceTree = "<group>"; };
		A813CAEB18369BE500AC8E19 /* BookInfoViewController.m */ = {isa = PBXFileReference; fileEncoding = 4; lastKnownFileType = sourcecode.c.objc; path = BookInfoViewController.m; sourceTree = "<group>"; };
		A813CAEC18369BE500AC8E19 /* BookListViewController.h */ = {isa = PBXFileReference; fileEncoding = 4; lastKnownFileType = sourcecode.c.h; path = BookListViewController.h; sourceTree = "<group>"; };
		A813CAED18369BE500AC8E19 /* BookListViewController.m */ = {isa = PBXFileReference; fileEncoding = 4; lastKnownFileType = sourcecode.c.objc; path = BookListViewController.m; sourceTree = "<group>"; };
		A813CAF21836A46C00AC8E19 /* BookCell.h */ = {isa = PBXFileReference; fileEncoding = 4; lastKnownFileType = sourcecode.c.h; path = BookCell.h; sourceTree = "<group>"; };
		A813CAF31836A46C00AC8E19 /* BookCell.m */ = {isa = PBXFileReference; fileEncoding = 4; lastKnownFileType = sourcecode.c.objc; path = BookCell.m; sourceTree = "<group>"; };
		A813CAF51836A47700AC8E19 /* ActivityCell.h */ = {isa = PBXFileReference; fileEncoding = 4; lastKnownFileType = sourcecode.c.h; path = ActivityCell.h; sourceTree = "<group>"; };
		A813CAF61836A47700AC8E19 /* ActivityCell.m */ = {isa = PBXFileReference; fileEncoding = 4; lastKnownFileType = sourcecode.c.objc; path = ActivityCell.m; sourceTree = "<group>"; };
		A813CAF91836A8FC00AC8E19 /* RSG_appicon120x.png */ = {isa = PBXFileReference; lastKnownFileType = image.png; path = RSG_appicon120x.png; sourceTree = "<group>"; };
		A813CAFA1836A8FC00AC8E19 /* RSG_GreenBkrd.png */ = {isa = PBXFileReference; lastKnownFileType = image.png; path = RSG_GreenBkrd.png; sourceTree = "<group>"; };
		A813CAFB1836A8FC00AC8E19 /* RSG_GreyBkrd.png */ = {isa = PBXFileReference; lastKnownFileType = image.png; path = RSG_GreyBkrd.png; sourceTree = "<group>"; };
		A813CAFC1836A8FC00AC8E19 /* RSG_Loadscreen.png */ = {isa = PBXFileReference; lastKnownFileType = image.png; path = RSG_Loadscreen.png; sourceTree = "<group>"; };
		A813CAFD1836A8FC00AC8E19 /* RSG_OrangeBkrd.png */ = {isa = PBXFileReference; lastKnownFileType = image.png; path = RSG_OrangeBkrd.png; sourceTree = "<group>"; };
		A813CAFE1836A8FC00AC8E19 /* RSG_Yellowscreen-05.png */ = {isa = PBXFileReference; lastKnownFileType = image.png; path = "RSG_Yellowscreen-05.png"; sourceTree = "<group>"; };
		A813CB051836B3CA00AC8E19 /* greenCheck.png */ = {isa = PBXFileReference; lastKnownFileType = image.png; path = greenCheck.png; sourceTree = "<group>"; };
		A813CB081836B53B00AC8E19 /* doug.jpg */ = {isa = PBXFileReference; lastKnownFileType = image.jpeg; path = doug.jpg; sourceTree = "<group>"; };
		A813CB091836B53B00AC8E19 /* follow.jpg */ = {isa = PBXFileReference; lastKnownFileType = image.jpeg; path = follow.jpg; sourceTree = "<group>"; };
		A813CB0A1836B53B00AC8E19 /* howmany.jpg */ = {isa = PBXFileReference; lastKnownFileType = image.jpeg; path = howmany.jpg; sourceTree = "<group>"; };
		A813CB0B1836B53B00AC8E19 /* iaint.jpg */ = {isa = PBXFileReference; lastKnownFileType = image.jpeg; path = iaint.jpg; sourceTree = "<group>"; };
		A813CB0C1836B53B00AC8E19 /* lmno.jpg */ = {isa = PBXFileReference; lastKnownFileType = image.jpeg; path = lmno.jpg; sourceTree = "<group>"; };
		A813CB0D1836B53B00AC8E19 /* one.jpg */ = {isa = PBXFileReference; lastKnownFileType = image.jpeg; path = one.jpg; sourceTree = "<group>"; };
		A813CB0E1836B53B00AC8E19 /* rosie.jpg */ = {isa = PBXFileReference; lastKnownFileType = image.jpeg; path = rosie.jpg; sourceTree = "<group>"; };
		A813CB0F1836B53B00AC8E19 /* sleepy.jpg */ = {isa = PBXFileReference; lastKnownFileType = image.jpeg; path = sleepy.jpg; sourceTree = "<group>"; };
		A813CB101836B53B00AC8E19 /* train.jpg */ = {isa = PBXFileReference; lastKnownFileType = image.jpeg; path = train.jpg; sourceTree = "<group>"; };
		A813CB111836B53B00AC8E19 /* updown.jpg */ = {isa = PBXFileReference; lastKnownFileType = image.jpeg; path = updown.jpg; sourceTree = "<group>"; };
		A813CB121836B53B00AC8E19 /* whoseshoes.jpg */ = {isa = PBXFileReference; lastKnownFileType = image.jpeg; path = whoseshoes.jpg; sourceTree = "<group>"; };
		A88D60DA183787F200759B9F /* score.png */ = {isa = PBXFileReference; lastKnownFileType = image.png; path = score.png; sourceTree = "<group>"; };
		A88D60DC18378F3100759B9F /* search.png */ = {isa = PBXFileReference; lastKnownFileType = image.png; path = search.png; sourceTree = "<group>"; };
		A88D60DD18378F3100759B9F /* user3.png */ = {isa = PBXFileReference; lastKnownFileType = image.png; path = user3.png; sourceTree = "<group>"; };
		A88D60DE18378F3100759B9F /* home2.png */ = {isa = PBXFileReference; lastKnownFileType = image.png; path = home2.png; sourceTree = "<group>"; };
		A88D60E218378F9700759B9F /* facebook-color.png */ = {isa = PBXFileReference; lastKnownFileType = image.png; name = "facebook-color.png"; path = "KindergardenHereICome/Icons/facebook-color.png"; sourceTree = "<group>"; };
		A88D60E318378F9700759B9F /* twitter-color.png */ = {isa = PBXFileReference; lastKnownFileType = image.png; name = "twitter-color.png"; path = "KindergardenHereICome/Icons/twitter-color.png"; sourceTree = "<group>"; };
		A88D60E618378FA700759B9F /* star.png */ = {isa = PBXFileReference; lastKnownFileType = image.png; name = star.png; path = KindergardenHereICome/Icons/IcoMoon/PNG/32px/star.png; sourceTree = "<group>"; };
		A891B61C1836705C0063F861 /* Book.h */ = {isa = PBXFileReference; fileEncoding = 4; lastKnownFileType = sourcecode.c.h; path = Book.h; sourceTree = "<group>"; };
		A891B61D1836705C0063F861 /* Book.m */ = {isa = PBXFileReference; fileEncoding = 4; lastKnownFileType = sourcecode.c.objc; path = Book.m; sourceTree = "<group>"; };
		A891B61F1836706A0063F861 /* Activity.h */ = {isa = PBXFileReference; fileEncoding = 4; lastKnownFileType = sourcecode.c.h; path = Activity.h; sourceTree = "<group>"; };
		A891B6201836706A0063F861 /* Activity.m */ = {isa = PBXFileReference; fileEncoding = 4; lastKnownFileType = sourcecode.c.objc; path = Activity.m; sourceTree = "<group>"; };
		A891B6221836707F0063F861 /* Kid.h */ = {isa = PBXFileReference; fileEncoding = 4; lastKnownFileType = sourcecode.c.h; path = Kid.h; sourceTree = "<group>"; };
		A891B6231836707F0063F861 /* Kid.m */ = {isa = PBXFileReference; fileEncoding = 4; lastKnownFileType = sourcecode.c.objc; path = Kid.m; sourceTree = "<group>"; };
		A891B625183670A00063F861 /* ApplicationState.h */ = {isa = PBXFileReference; fileEncoding = 4; lastKnownFileType = sourcecode.c.h; path = ApplicationState.h; sourceTree = "<group>"; };
		A891B626183670A00063F861 /* ApplicationState.m */ = {isa = PBXFileReference; fileEncoding = 4; lastKnownFileType = sourcecode.c.objc; path = ApplicationState.m; sourceTree = "<group>"; };
/* End PBXFileReference section */

/* Begin PBXFrameworksBuildPhase section */
		806ECAF6183655B90099CBD9 /* Frameworks */ = {
			isa = PBXFrameworksBuildPhase;
			buildActionMask = 2147483647;
			files = (
				806ECAFF183655B90099CBD9 /* CoreGraphics.framework in Frameworks */,
				806ECB01183655B90099CBD9 /* UIKit.framework in Frameworks */,
				806ECAFD183655B90099CBD9 /* Foundation.framework in Frameworks */,
			);
			runOnlyForDeploymentPostprocessing = 0;
		};
		806ECB11183655B90099CBD9 /* Frameworks */ = {
			isa = PBXFrameworksBuildPhase;
			buildActionMask = 2147483647;
			files = (
				806ECB16183655B90099CBD9 /* XCTest.framework in Frameworks */,
				806ECB18183655B90099CBD9 /* UIKit.framework in Frameworks */,
				806ECB17183655B90099CBD9 /* Foundation.framework in Frameworks */,
			);
			runOnlyForDeploymentPostprocessing = 0;
		};
/* End PBXFrameworksBuildPhase section */

/* Begin PBXGroup section */
		806ECAF0183655B90099CBD9 = {
			isa = PBXGroup;
			children = (
				A6B832991836918C006078AF /* assets */,
				A6B820DF183674D2006078AF /* Storyboard.storyboard */,
				80CDF4C41836C32400EDF82C /* HomeViewController.h */,
				80CDF4C51836C32400EDF82C /* HomeViewController.m */,
				806ECB02183655B90099CBD9 /* KindergardenHereICome */,
				806ECB1B183655B90099CBD9 /* KindergardenHereIComeTests */,
				806ECAFB183655B90099CBD9 /* Frameworks */,
				806ECAFA183655B90099CBD9 /* Products */,
			);
			sourceTree = "<group>";
		};
		806ECAFA183655B90099CBD9 /* Products */ = {
			isa = PBXGroup;
			children = (
				806ECAF9183655B90099CBD9 /* KindergardenHereICome.app */,
				806ECB14183655B90099CBD9 /* KindergardenHereIComeTests.xctest */,
			);
			name = Products;
			sourceTree = "<group>";
		};
		806ECAFB183655B90099CBD9 /* Frameworks */ = {
			isa = PBXGroup;
			children = (
				806ECAFC183655B90099CBD9 /* Foundation.framework */,
				806ECAFE183655B90099CBD9 /* CoreGraphics.framework */,
				806ECB00183655B90099CBD9 /* UIKit.framework */,
				806ECB15183655B90099CBD9 /* XCTest.framework */,
			);
			name = Frameworks;
			sourceTree = "<group>";
		};
		806ECB02183655B90099CBD9 /* KindergardenHereICome */ = {
			isa = PBXGroup;
			children = (
				8002C1891837AD240033D0BA /* Icons */,
				A6B820E118368AE6006078AF /* ViewControllers */,
				A891B61B183670480063F861 /* Model */,
				806ECB0B183655B90099CBD9 /* AppDelegate.h */,
				806ECB0C183655B90099CBD9 /* AppDelegate.m */,
				806ECB0E183655B90099CBD9 /* Images.xcassets */,
				806ECB03183655B90099CBD9 /* Supporting Files */,
			);
			path = KindergardenHereICome;
			sourceTree = "<group>";
		};
		806ECB03183655B90099CBD9 /* Supporting Files */ = {
			isa = PBXGroup;
			children = (
				806ECB04183655B90099CBD9 /* KindergardenHereICome-Info.plist */,
				806ECB05183655B90099CBD9 /* InfoPlist.strings */,
				806ECB08183655B90099CBD9 /* main.m */,
				806ECB0A183655B90099CBD9 /* KindergardenHereICome-Prefix.pch */,
			);
			name = "Supporting Files";
			sourceTree = "<group>";
		};
		806ECB1B183655B90099CBD9 /* KindergardenHereIComeTests */ = {
			isa = PBXGroup;
			children = (
				806ECB21183655B90099CBD9 /* KindergardenHereIComeTests.m */,
				806ECB1C183655B90099CBD9 /* Supporting Files */,
			);
			path = KindergardenHereIComeTests;
			sourceTree = "<group>";
		};
		806ECB1C183655B90099CBD9 /* Supporting Files */ = {
			isa = PBXGroup;
			children = (
				806ECB1D183655B90099CBD9 /* KindergardenHereIComeTests-Info.plist */,
				806ECB1E183655B90099CBD9 /* InfoPlist.strings */,
			);
			name = "Supporting Files";
			sourceTree = "<group>";
		};
		A6B820E118368AE6006078AF /* ViewControllers */ = {
			isa = PBXGroup;
			children = (
				A813CAE618369BE500AC8E19 /* ActivityInfoViewController.h */,
				A813CAE718369BE500AC8E19 /* ActivityInfoViewController.m */,
				A813CAE818369BE500AC8E19 /* ActivityListViewController.h */,
				A813CAE918369BE500AC8E19 /* ActivityListViewController.m */,
				A813CAEA18369BE500AC8E19 /* BookInfoViewController.h */,
				A813CAEB18369BE500AC8E19 /* BookInfoViewController.m */,
				A813CAEC18369BE500AC8E19 /* BookListViewController.h */,
				A813CAED18369BE500AC8E19 /* BookListViewController.m */,
				A6B820E218368B23006078AF /* KidInfoViewController.h */,
				A6B820E318368B23006078AF /* KidInfoViewController.m */,
				A813CAF21836A46C00AC8E19 /* BookCell.h */,
				A813CAF31836A46C00AC8E19 /* BookCell.m */,
				A813CAF51836A47700AC8E19 /* ActivityCell.h */,
				A813CAF61836A47700AC8E19 /* ActivityCell.m */,
				A6B8329C1836B2F7006078AF /* ActivityTagListViewController.h */,
				A6B8329D1836B2F7006078AF /* ActivityTagListViewController.m */,
				A6B832A21836D209006078AF /* ActivityTagCell.h */,
				A6B832A31836D209006078AF /* ActivityTagCell.m */,
			);
			name = ViewControllers;
			sourceTree = "<group>";
		};
		A6B832991836918C006078AF /* assets */ = {
			isa = PBXGroup;
			children = (
				A88D60DA183787F200759B9F /* score.png */,
				A88D60DC18378F3100759B9F /* search.png */,
				A88D60E218378F9700759B9F /* facebook-color.png */,
				A88D60E618378FA700759B9F /* star.png */,
				A88D60E318378F9700759B9F /* twitter-color.png */,
				A88D60DD18378F3100759B9F /* user3.png */,
				A88D60DE18378F3100759B9F /* home2.png */,
				A813CB071836B51D00AC8E19 /* Books */,
				A813CB051836B3CA00AC8E19 /* greenCheck.png */,
				A813CAF81836A8FC00AC8E19 /* Design Images */,
				A6B8329A1836919F006078AF /* photo.png */,
			);
			name = assets;
			sourceTree = "<group>";
		};
		A813CAF81836A8FC00AC8E19 /* Design Images */ = {
			isa = PBXGroup;
			children = (
				80CDF4C21836B9A100EDF82C /* RSG_worm-01.png */,
				80CDF4BA1836B2FA00EDF82C /* jean-background.png */,
				80CDF4BB1836B2FA00EDF82C /* red-background.png */,
				80CDF4B61836AAD700EDF82C /* RSG_Star-01.png */,
				80CDF4B71836AAD700EDF82C /* RSG_Star-04.png */,
				A813CAF91836A8FC00AC8E19 /* RSG_appicon120x.png */,
				A813CAFA1836A8FC00AC8E19 /* RSG_GreenBkrd.png */,
				A813CAFB1836A8FC00AC8E19 /* RSG_GreyBkrd.png */,
				A813CAFC1836A8FC00AC8E19 /* RSG_Loadscreen.png */,
				A813CAFD1836A8FC00AC8E19 /* RSG_OrangeBkrd.png */,
				A813CAFE1836A8FC00AC8E19 /* RSG_Yellowscreen-05.png */,
			);
			name = "Design Images";
			path = "KindergardenHereICome/Design Images";
			sourceTree = "<group>";
		};
		A813CB071836B51D00AC8E19 /* Books */ = {
			isa = PBXGroup;
			children = (
				A813CB081836B53B00AC8E19 /* doug.jpg */,
				A813CB091836B53B00AC8E19 /* follow.jpg */,
				A813CB0A1836B53B00AC8E19 /* howmany.jpg */,
				A813CB0B1836B53B00AC8E19 /* iaint.jpg */,
				A813CB0C1836B53B00AC8E19 /* lmno.jpg */,
				A813CB0D1836B53B00AC8E19 /* one.jpg */,
				A813CB0E1836B53B00AC8E19 /* rosie.jpg */,
				A813CB0F1836B53B00AC8E19 /* sleepy.jpg */,
				A813CB101836B53B00AC8E19 /* train.jpg */,
				A813CB111836B53B00AC8E19 /* updown.jpg */,
				A813CB121836B53B00AC8E19 /* whoseshoes.jpg */,
			);
			name = Books;
			sourceTree = "<group>";
		};
		A891B61B183670480063F861 /* Model */ = {
			isa = PBXGroup;
			children = (
				A891B61C1836705C0063F861 /* Book.h */,
				A891B61D1836705C0063F861 /* Book.m */,
				A891B61F1836706A0063F861 /* Activity.h */,
				A891B6201836706A0063F861 /* Activity.m */,
				A891B6221836707F0063F861 /* Kid.h */,
				A891B6231836707F0063F861 /* Kid.m */,
				A891B625183670A00063F861 /* ApplicationState.h */,
				A891B626183670A00063F861 /* ApplicationState.m */,
				A6B8329F1836B62D006078AF /* ActivityListManager.h */,
				A6B832A01836B62D006078AF /* ActivityListManager.m */,
			);
			name = Model;
			sourceTree = "<group>";
		};
/* End PBXGroup section */

/* Begin PBXNativeTarget section */
		806ECAF8183655B90099CBD9 /* KindergardenHereICome */ = {
			isa = PBXNativeTarget;
			buildConfigurationList = 806ECB25183655B90099CBD9 /* Build configuration list for PBXNativeTarget "KindergardenHereICome" */;
			buildPhases = (
				806ECAF5183655B90099CBD9 /* Sources */,
				806ECAF6183655B90099CBD9 /* Frameworks */,
				806ECAF7183655B90099CBD9 /* Resources */,
			);
			buildRules = (
			);
			dependencies = (
			);
			name = KindergardenHereICome;
			productName = KindergardenHereICome;
			productReference = 806ECAF9183655B90099CBD9 /* KindergardenHereICome.app */;
			productType = "com.apple.product-type.application";
		};
		806ECB13183655B90099CBD9 /* KindergardenHereIComeTests */ = {
			isa = PBXNativeTarget;
			buildConfigurationList = 806ECB28183655B90099CBD9 /* Build configuration list for PBXNativeTarget "KindergardenHereIComeTests" */;
			buildPhases = (
				806ECB10183655B90099CBD9 /* Sources */,
				806ECB11183655B90099CBD9 /* Frameworks */,
				806ECB12183655B90099CBD9 /* Resources */,
			);
			buildRules = (
			);
			dependencies = (
				806ECB1A183655B90099CBD9 /* PBXTargetDependency */,
			);
			name = KindergardenHereIComeTests;
			productName = KindergardenHereIComeTests;
			productReference = 806ECB14183655B90099CBD9 /* KindergardenHereIComeTests.xctest */;
			productType = "com.apple.product-type.bundle.unit-test";
		};
/* End PBXNativeTarget section */

/* Begin PBXProject section */
		806ECAF1183655B90099CBD9 /* Project object */ = {
			isa = PBXProject;
			attributes = {
				LastUpgradeCheck = 0500;
				ORGANIZATIONNAME = PAEYC;
				TargetAttributes = {
					806ECAF8183655B90099CBD9 = {
						DevelopmentTeam = VM3G523M4G;
					};
					806ECB13183655B90099CBD9 = {
						TestTargetID = 806ECAF8183655B90099CBD9;
					};
				};
			};
			buildConfigurationList = 806ECAF4183655B90099CBD9 /* Build configuration list for PBXProject "KindergardenHereICome" */;
			compatibilityVersion = "Xcode 3.2";
			developmentRegion = English;
			hasScannedForEncodings = 0;
			knownRegions = (
				en,
			);
			mainGroup = 806ECAF0183655B90099CBD9;
			productRefGroup = 806ECAFA183655B90099CBD9 /* Products */;
			projectDirPath = "";
			projectRoot = "";
			targets = (
				806ECAF8183655B90099CBD9 /* KindergardenHereICome */,
				806ECB13183655B90099CBD9 /* KindergardenHereIComeTests */,
			);
		};
/* End PBXProject section */

/* Begin PBXResourcesBuildPhase section */
		806ECAF7183655B90099CBD9 /* Resources */ = {
			isa = PBXResourcesBuildPhase;
			buildActionMask = 2147483647;
			files = (
				A88D60E518378F9700759B9F /* twitter-color.png in Resources */,
				A813CB181836B53B00AC8E19 /* one.jpg in Resources */,
				A813CB011836A8FC00AC8E19 /* RSG_GreyBkrd.png in Resources */,
				A813CB171836B53B00AC8E19 /* lmno.jpg in Resources */,
				A813CB141836B53B00AC8E19 /* follow.jpg in Resources */,
				A813CB1D1836B53B00AC8E19 /* whoseshoes.jpg in Resources */,
				A813CB021836A8FC00AC8E19 /* RSG_Loadscreen.png in Resources */,
				8002C18A1837AD240033D0BA /* Icons in Resources */,
				A813CB1C1836B53B00AC8E19 /* updown.jpg in Resources */,
				A813CB031836A8FC00AC8E19 /* RSG_OrangeBkrd.png in Resources */,
				A88D60E718378FA700759B9F /* star.png in Resources */,
				A813CB061836B3CA00AC8E19 /* greenCheck.png in Resources */,
				80CDF4B81836AAD700EDF82C /* RSG_Star-01.png in Resources */,
				A6B8329B1836919F006078AF /* photo.png in Resources */,
				A88D60E418378F9700759B9F /* facebook-color.png in Resources */,
				80CDF4BC1836B2FA00EDF82C /* jean-background.png in Resources */,
				A88D60DB183787F300759B9F /* score.png in Resources */,
				A813CB001836A8FC00AC8E19 /* RSG_GreenBkrd.png in Resources */,
				80CDF4BD1836B2FA00EDF82C /* red-background.png in Resources */,
				80CDF4B91836AAD700EDF82C /* RSG_Star-04.png in Resources */,
				806ECB07183655B90099CBD9 /* InfoPlist.strings in Resources */,
				A813CB041836A8FC00AC8E19 /* RSG_Yellowscreen-05.png in Resources */,
				A88D60E018378F3100759B9F /* user3.png in Resources */,
				A813CB191836B53B00AC8E19 /* rosie.jpg in Resources */,
				806ECB0F183655B90099CBD9 /* Images.xcassets in Resources */,
				A813CB131836B53B00AC8E19 /* doug.jpg in Resources */,
				A813CB1A1836B53B00AC8E19 /* sleepy.jpg in Resources */,
				A88D60E118378F3100759B9F /* home2.png in Resources */,
				A813CAFF1836A8FC00AC8E19 /* RSG_appicon120x.png in Resources */,
				A813CB151836B53B00AC8E19 /* howmany.jpg in Resources */,
				A88D60DF18378F3100759B9F /* search.png in Resources */,
				A813CB1B1836B53B00AC8E19 /* train.jpg in Resources */,
				A6B820E0183674D2006078AF /* Storyboard.storyboard in Resources */,
				A813CB161836B53B00AC8E19 /* iaint.jpg in Resources */,
				80CDF4C31836B9A100EDF82C /* RSG_worm-01.png in Resources */,
			);
			runOnlyForDeploymentPostprocessing = 0;
		};
		806ECB12183655B90099CBD9 /* Resources */ = {
			isa = PBXResourcesBuildPhase;
			buildActionMask = 2147483647;
			files = (
				806ECB20183655B90099CBD9 /* InfoPlist.strings in Resources */,
			);
			runOnlyForDeploymentPostprocessing = 0;
		};
/* End PBXResourcesBuildPhase section */

/* Begin PBXSourcesBuildPhase section */
		806ECAF5183655B90099CBD9 /* Sources */ = {
			isa = PBXSourcesBuildPhase;
			buildActionMask = 2147483647;
			files = (
				A6B8329E1836B2F7006078AF /* ActivityTagListViewController.m in Sources */,
				A6B832A11836B62D006078AF /* ActivityListManager.m in Sources */,
				A813CAEF18369BE500AC8E19 /* ActivityListViewController.m in Sources */,
				A813CAF018369BE500AC8E19 /* BookInfoViewController.m in Sources */,
				A891B627183670A00063F861 /* ApplicationState.m in Sources */,
				806ECB0D183655B90099CBD9 /* AppDelegate.m in Sources */,
				A6B832A41836D209006078AF /* ActivityTagCell.m in Sources */,
				A813CAF41836A46C00AC8E19 /* BookCell.m in Sources */,
				80CDF4C61836C32400EDF82C /* HomeViewController.m in Sources */,
				A891B61E1836705C0063F861 /* Book.m in Sources */,
				A6B820E418368B23006078AF /* KidInfoViewController.m in Sources */,
				A813CAF71836A47700AC8E19 /* ActivityCell.m in Sources */,
				A891B6211836706A0063F861 /* Activity.m in Sources */,
				A891B6241836707F0063F861 /* Kid.m in Sources */,
				806ECB09183655B90099CBD9 /* main.m in Sources */,
				A813CAF118369BE500AC8E19 /* BookListViewController.m in Sources */,
				A813CAEE18369BE500AC8E19 /* ActivityInfoViewController.m in Sources */,
			);
			runOnlyForDeploymentPostprocessing = 0;
		};
		806ECB10183655B90099CBD9 /* Sources */ = {
			isa = PBXSourcesBuildPhase;
			buildActionMask = 2147483647;
			files = (
				806ECB22183655B90099CBD9 /* KindergardenHereIComeTests.m in Sources */,
			);
			runOnlyForDeploymentPostprocessing = 0;
		};
/* End PBXSourcesBuildPhase section */

/* Begin PBXTargetDependency section */
		806ECB1A183655B90099CBD9 /* PBXTargetDependency */ = {
			isa = PBXTargetDependency;
			target = 806ECAF8183655B90099CBD9 /* KindergardenHereICome */;
			targetProxy = 806ECB19183655B90099CBD9 /* PBXContainerItemProxy */;
		};
/* End PBXTargetDependency section */

/* Begin PBXVariantGroup section */
		806ECB05183655B90099CBD9 /* InfoPlist.strings */ = {
			isa = PBXVariantGroup;
			children = (
				806ECB06183655B90099CBD9 /* en */,
			);
			name = InfoPlist.strings;
			sourceTree = "<group>";
		};
		806ECB1E183655B90099CBD9 /* InfoPlist.strings */ = {
			isa = PBXVariantGroup;
			children = (
				806ECB1F183655B90099CBD9 /* en */,
			);
			name = InfoPlist.strings;
			sourceTree = "<group>";
		};
/* End PBXVariantGroup section */

/* Begin XCBuildConfiguration section */
		806ECB23183655B90099CBD9 /* Debug */ = {
			isa = XCBuildConfiguration;
			buildSettings = {
				ALWAYS_SEARCH_USER_PATHS = NO;
				ARCHS = "$(ARCHS_STANDARD_INCLUDING_64_BIT)";
				CLANG_CXX_LANGUAGE_STANDARD = "gnu++0x";
				CLANG_CXX_LIBRARY = "libc++";
				CLANG_ENABLE_MODULES = YES;
				CLANG_ENABLE_OBJC_ARC = YES;
				CLANG_WARN_BOOL_CONVERSION = YES;
				CLANG_WARN_CONSTANT_CONVERSION = YES;
				CLANG_WARN_DIRECT_OBJC_ISA_USAGE = YES_ERROR;
				CLANG_WARN_EMPTY_BODY = YES;
				CLANG_WARN_ENUM_CONVERSION = YES;
				CLANG_WARN_INT_CONVERSION = YES;
				CLANG_WARN_OBJC_ROOT_CLASS = YES_ERROR;
				CLANG_WARN__DUPLICATE_METHOD_MATCH = YES;
				"CODE_SIGN_IDENTITY[sdk=iphoneos*]" = "iPhone Developer";
				COPY_PHASE_STRIP = NO;
				GCC_C_LANGUAGE_STANDARD = gnu99;
				GCC_DYNAMIC_NO_PIC = NO;
				GCC_OPTIMIZATION_LEVEL = 0;
				GCC_PREPROCESSOR_DEFINITIONS = (
					"DEBUG=1",
					"$(inherited)",
				);
				GCC_SYMBOLS_PRIVATE_EXTERN = NO;
				GCC_WARN_64_TO_32_BIT_CONVERSION = YES;
				GCC_WARN_ABOUT_RETURN_TYPE = YES_ERROR;
				GCC_WARN_UNDECLARED_SELECTOR = YES;
				GCC_WARN_UNINITIALIZED_AUTOS = YES;
				GCC_WARN_UNUSED_FUNCTION = YES;
				GCC_WARN_UNUSED_VARIABLE = YES;
				IPHONEOS_DEPLOYMENT_TARGET = 7.0;
				ONLY_ACTIVE_ARCH = YES;
				SDKROOT = iphoneos;
			};
			name = Debug;
		};
		806ECB24183655B90099CBD9 /* Release */ = {
			isa = XCBuildConfiguration;
			buildSettings = {
				ALWAYS_SEARCH_USER_PATHS = NO;
				ARCHS = "$(ARCHS_STANDARD_INCLUDING_64_BIT)";
				CLANG_CXX_LANGUAGE_STANDARD = "gnu++0x";
				CLANG_CXX_LIBRARY = "libc++";
				CLANG_ENABLE_MODULES = YES;
				CLANG_ENABLE_OBJC_ARC = YES;
				CLANG_WARN_BOOL_CONVERSION = YES;
				CLANG_WARN_CONSTANT_CONVERSION = YES;
				CLANG_WARN_DIRECT_OBJC_ISA_USAGE = YES_ERROR;
				CLANG_WARN_EMPTY_BODY = YES;
				CLANG_WARN_ENUM_CONVERSION = YES;
				CLANG_WARN_INT_CONVERSION = YES;
				CLANG_WARN_OBJC_ROOT_CLASS = YES_ERROR;
				CLANG_WARN__DUPLICATE_METHOD_MATCH = YES;
				"CODE_SIGN_IDENTITY[sdk=iphoneos*]" = "iPhone Developer";
				COPY_PHASE_STRIP = YES;
				ENABLE_NS_ASSERTIONS = NO;
				GCC_C_LANGUAGE_STANDARD = gnu99;
				GCC_WARN_64_TO_32_BIT_CONVERSION = YES;
				GCC_WARN_ABOUT_RETURN_TYPE = YES_ERROR;
				GCC_WARN_UNDECLARED_SELECTOR = YES;
				GCC_WARN_UNINITIALIZED_AUTOS = YES;
				GCC_WARN_UNUSED_FUNCTION = YES;
				GCC_WARN_UNUSED_VARIABLE = YES;
				IPHONEOS_DEPLOYMENT_TARGET = 7.0;
				SDKROOT = iphoneos;
				VALIDATE_PRODUCT = YES;
			};
			name = Release;
		};
		806ECB26183655B90099CBD9 /* Debug */ = {
			isa = XCBuildConfiguration;
			buildSettings = {
				ASSETCATALOG_COMPILER_APPICON_NAME = AppIcon;
				ASSETCATALOG_COMPILER_LAUNCHIMAGE_NAME = LaunchImage;
				CODE_SIGN_IDENTITY = "iPhone Developer";
				"CODE_SIGN_IDENTITY[sdk=iphoneos*]" = "iPhone Developer";
				GCC_PRECOMPILE_PREFIX_HEADER = YES;
				GCC_PREFIX_HEADER = "KindergardenHereICome/KindergardenHereICome-Prefix.pch";
				INFOPLIST_FILE = "KindergardenHereICome/KindergardenHereICome-Info.plist";
				PRODUCT_NAME = "$(TARGET_NAME)";
				PROVISIONING_PROFILE = "";
				WRAPPER_EXTENSION = app;
			};
			name = Debug;
		};
		806ECB27183655B90099CBD9 /* Release */ = {
			isa = XCBuildConfiguration;
			buildSettings = {
				ASSETCATALOG_COMPILER_APPICON_NAME = AppIcon;
				ASSETCATALOG_COMPILER_LAUNCHIMAGE_NAME = LaunchImage;
				CODE_SIGN_IDENTITY = "iPhone Developer";
				"CODE_SIGN_IDENTITY[sdk=iphoneos*]" = "iPhone Developer";
				GCC_PRECOMPILE_PREFIX_HEADER = YES;
				GCC_PREFIX_HEADER = "KindergardenHereICome/KindergardenHereICome-Prefix.pch";
				INFOPLIST_FILE = "KindergardenHereICome/KindergardenHereICome-Info.plist";
				PRODUCT_NAME = "$(TARGET_NAME)";
				PROVISIONING_PROFILE = "";
				WRAPPER_EXTENSION = app;
			};
			name = Release;
		};
		806ECB29183655B90099CBD9 /* Debug */ = {
			isa = XCBuildConfiguration;
			buildSettings = {
				ARCHS = "$(ARCHS_STANDARD_INCLUDING_64_BIT)";
				BUNDLE_LOADER = "$(BUILT_PRODUCTS_DIR)/KindergardenHereICome.app/KindergardenHereICome";
				FRAMEWORK_SEARCH_PATHS = (
					"$(SDKROOT)/Developer/Library/Frameworks",
					"$(inherited)",
					"$(DEVELOPER_FRAMEWORKS_DIR)",
				);
				GCC_PRECOMPILE_PREFIX_HEADER = YES;
				GCC_PREFIX_HEADER = "KindergardenHereICome/KindergardenHereICome-Prefix.pch";
				GCC_PREPROCESSOR_DEFINITIONS = (
					"DEBUG=1",
					"$(inherited)",
				);
				INFOPLIST_FILE = "KindergardenHereIComeTests/KindergardenHereIComeTests-Info.plist";
				PRODUCT_NAME = "$(TARGET_NAME)";
				TEST_HOST = "$(BUNDLE_LOADER)";
				WRAPPER_EXTENSION = xctest;
			};
			name = Debug;
		};
		806ECB2A183655B90099CBD9 /* Release */ = {
			isa = XCBuildConfiguration;
			buildSettings = {
				ARCHS = "$(ARCHS_STANDARD_INCLUDING_64_BIT)";
				BUNDLE_LOADER = "$(BUILT_PRODUCTS_DIR)/KindergardenHereICome.app/KindergardenHereICome";
				FRAMEWORK_SEARCH_PATHS = (
					"$(SDKROOT)/Developer/Library/Frameworks",
					"$(inherited)",
					"$(DEVELOPER_FRAMEWORKS_DIR)",
				);
				GCC_PRECOMPILE_PREFIX_HEADER = YES;
				GCC_PREFIX_HEADER = "KindergardenHereICome/KindergardenHereICome-Prefix.pch";
				INFOPLIST_FILE = "KindergardenHereIComeTests/KindergardenHereIComeTests-Info.plist";
				PRODUCT_NAME = "$(TARGET_NAME)";
				TEST_HOST = "$(BUNDLE_LOADER)";
				WRAPPER_EXTENSION = xctest;
			};
			name = Release;
		};
/* End XCBuildConfiguration section */

/* Begin XCConfigurationList section */
		806ECAF4183655B90099CBD9 /* Build configuration list for PBXProject "KindergardenHereICome" */ = {
			isa = XCConfigurationList;
			buildConfigurations = (
				806ECB23183655B90099CBD9 /* Debug */,
				806ECB24183655B90099CBD9 /* Release */,
			);
			defaultConfigurationIsVisible = 0;
			defaultConfigurationName = Release;
		};
		806ECB25183655B90099CBD9 /* Build configuration list for PBXNativeTarget "KindergardenHereICome" */ = {
			isa = XCConfigurationList;
			buildConfigurations = (
				806ECB26183655B90099CBD9 /* Debug */,
				806ECB27183655B90099CBD9 /* Release */,
			);
			defaultConfigurationIsVisible = 0;
			defaultConfigurationName = Release;
		};
		806ECB28183655B90099CBD9 /* Build configuration list for PBXNativeTarget "KindergardenHereIComeTests" */ = {
			isa = XCConfigurationList;
			buildConfigurations = (
				806ECB29183655B90099CBD9 /* Debug */,
				806ECB2A183655B90099CBD9 /* Release */,
			);
			defaultConfigurationIsVisible = 0;
			defaultConfigurationName = Release;
		};
/* End XCConfigurationList section */
	};
	rootObject = 806ECAF1183655B90099CBD9 /* Project object */;
}
